
Microsoft Visual Studio Solution File, Format Version 12.00
# Visual Studio 2015
Project("{FAE04EC0-301F-11D3-BF4B-00C04F79EFBC}") = "DrawingTest", "DrawingTest.csproj", "{EBFD0008-A496-F83D-2ED4-AAA1E98FCB03}"
EndProject
Global
	GlobalSection(SolutionConfigurationPlatforms) = preSolution
		Debug|Any CPU = Debug|Any CPU
		Release|Any CPU = Release|Any CPU
	EndGlobalSection
	GlobalSection(ProjectConfigurationPlatforms) = postSolution
		{EBFD0008-A496-F83D-2ED4-AAA1E98FCB03}.Debug|Any CPU.ActiveCfg = Debug|Any CPU
		{EBFD0008-A496-F83D-2ED4-AAA1E98FCB03}.Debug|Any CPU.Build.0 = Debug|Any CPU
		{EBFD0008-A496-F83D-2ED4-AAA1E98FCB03}.Release|Any CPU.ActiveCfg = Release|Any CPU
		{EBFD0008-A496-F83D-2ED4-AAA1E98FCB03}.Release|Any CPU.Build.0 = Release|Any CPU
	EndGlobalSection
	GlobalSection(SolutionProperties) = preSolution
		HideSolutionNode = FALSE
	EndGlobalSection
EndGlobal
